// !$*UTF8*$!
{
	archiveVersion = 1;
	classes = {
	};
	objectVersion = 46;
	objects = {

/* Begin PBXBuildFile section */
		378203F3FCE15BF63FC4E3B0 /* Pods.framework in Frameworks */ = {isa = PBXBuildFile; fileRef = ACC7C36D8AA194BEC20B8882 /* Pods.framework */; };
		DA079CD91BE15D74001D9B52 /* Badminton.entitlements in Resources */ = {isa = PBXBuildFile; fileRef = DA079CD81BE15D74001D9B52 /* Badminton.entitlements */; };
		DA1FA4D41C581BF300B3456E /* NSLoggerSupport.swift in Sources */ = {isa = PBXBuildFile; fileRef = DA1FA4D31C581BF300B3456E /* NSLoggerSupport.swift */; };
		DA24E7C51BDC60B400DEC986 /* AppDelegate.swift in Sources */ = {isa = PBXBuildFile; fileRef = DA24E7C41BDC60B400DEC986 /* AppDelegate.swift */; };
		DA24E7C71BDC60B400DEC986 /* TDWorkoutListVC.swift in Sources */ = {isa = PBXBuildFile; fileRef = DA24E7C61BDC60B400DEC986 /* TDWorkoutListVC.swift */; };
		DA24E7CA1BDC60B400DEC986 /* Main.storyboard in Resources */ = {isa = PBXBuildFile; fileRef = DA24E7C81BDC60B400DEC986 /* Main.storyboard */; };
		DA24E7CC1BDC60B400DEC986 /* Assets.xcassets in Resources */ = {isa = PBXBuildFile; fileRef = DA24E7CB1BDC60B400DEC986 /* Assets.xcassets */; };
		DA24E7CF1BDC60B400DEC986 /* LaunchScreen.storyboard in Resources */ = {isa = PBXBuildFile; fileRef = DA24E7CD1BDC60B400DEC986 /* LaunchScreen.storyboard */; };
		DA24E7DA1BDC60B400DEC986 /* BadmintonTests.swift in Sources */ = {isa = PBXBuildFile; fileRef = DA24E7D91BDC60B400DEC986 /* BadmintonTests.swift */; };
		DA24E7E51BDC60B400DEC986 /* BadmintonUITests.swift in Sources */ = {isa = PBXBuildFile; fileRef = DA24E7E41BDC60B400DEC986 /* BadmintonUITests.swift */; };
		DA24E7EA1BDC60B400DEC986 /* Badminton WatchKit App.app in Embed Watch Content */ = {isa = PBXBuildFile; fileRef = DA24E7E91BDC60B400DEC986 /* Badminton WatchKit App.app */; };
		DA24E7F01BDC60B400DEC986 /* Interface.storyboard in Resources */ = {isa = PBXBuildFile; fileRef = DA24E7EE1BDC60B400DEC986 /* Interface.storyboard */; };
		DA24E7F21BDC60B400DEC986 /* Assets.xcassets in Resources */ = {isa = PBXBuildFile; fileRef = DA24E7F11BDC60B400DEC986 /* Assets.xcassets */; };
		DA24E7F91BDC60B400DEC986 /* Badminton WatchKit Extension.appex in Embed App Extensions */ = {isa = PBXBuildFile; fileRef = DA24E7F81BDC60B400DEC986 /* Badminton WatchKit Extension.appex */; settings = {ATTRIBUTES = (RemoveHeadersOnCopy, ); }; };
		DA24E8001BDC60B400DEC986 /* InterfaceController.swift in Sources */ = {isa = PBXBuildFile; fileRef = DA24E7FF1BDC60B400DEC986 /* InterfaceController.swift */; };
		DA24E8021BDC60B400DEC986 /* ExtensionDelegate.swift in Sources */ = {isa = PBXBuildFile; fileRef = DA24E8011BDC60B400DEC986 /* ExtensionDelegate.swift */; };
		DA24E8041BDC60B400DEC986 /* NotificationController.swift in Sources */ = {isa = PBXBuildFile; fileRef = DA24E8031BDC60B400DEC986 /* NotificationController.swift */; };
		DA24E8061BDC60B400DEC986 /* Assets.xcassets in Resources */ = {isa = PBXBuildFile; fileRef = DA24E8051BDC60B400DEC986 /* Assets.xcassets */; };
		DA6D28C41C5AA94A00FD7CFE /* TDCorePlotFactory.swift in Sources */ = {isa = PBXBuildFile; fileRef = DA6D28C31C5AA94A00FD7CFE /* TDCorePlotFactory.swift */; };
		DA6D28C71C5AF50B00FD7CFE /* Extensions.swift in Sources */ = {isa = PBXBuildFile; fileRef = DA6D28C61C5AF50B00FD7CFE /* Extensions.swift */; };
		DA7224F51BDD922400FE23AF /* HealthKit.framework in Frameworks */ = {isa = PBXBuildFile; fileRef = DA7224F41BDD922400FE23AF /* HealthKit.framework */; };
		DA74C5111BF18232004A3158 /* TDSpeechManager.swift in Sources */ = {isa = PBXBuildFile; fileRef = DA74C5101BF18232004A3158 /* TDSpeechManager.swift */; };
		DAB85D2F1BF22B04008C858A /* ShinobiCharts.framework in Frameworks */ = {isa = PBXBuildFile; fileRef = DAB85D2E1BF22B04008C858A /* ShinobiCharts.framework */; };
		DAB85D311BF22B43008C858A /* Security.framework in Frameworks */ = {isa = PBXBuildFile; fileRef = DAB85D301BF22B43008C858A /* Security.framework */; };
		DAB85D331BF22B5A008C858A /* QuartzCore.framework in Frameworks */ = {isa = PBXBuildFile; fileRef = DAB85D321BF22B5A008C858A /* QuartzCore.framework */; };
		DAB85D351BF22B63008C858A /* OpenGLES.framework in Frameworks */ = {isa = PBXBuildFile; fileRef = DAB85D341BF22B63008C858A /* OpenGLES.framework */; };
		DAB85D371BF22B6A008C858A /* CoreText.framework in Frameworks */ = {isa = PBXBuildFile; fileRef = DAB85D361BF22B6A008C858A /* CoreText.framework */; };
		DAB85D391BF22B95008C858A /* libc++.tbd in Frameworks */ = {isa = PBXBuildFile; fileRef = DAB85D381BF22B95008C858A /* libc++.tbd */; };
		DAB85D3B1BF235E2008C858A /* TDShinobiGraphVC.swift in Sources */ = {isa = PBXBuildFile; fileRef = DAB85D3A1BF235E2008C858A /* TDShinobiGraphVC.swift */; };
		DAB85D3D1BF24E04008C858A /* TDBadmintonScore.swift in Sources */ = {isa = PBXBuildFile; fileRef = DAB85D3C1BF24E04008C858A /* TDBadmintonScore.swift */; };
		DAC5E8B41BEBFD00003126CC /* TDGraphVC.swift in Sources */ = {isa = PBXBuildFile; fileRef = DAC5E8B31BEBFD00003126CC /* TDGraphVC.swift */; };
		DAC85EB71BEBF48B00E0326D /* TDWorkout.swift in Sources */ = {isa = PBXBuildFile; fileRef = DAC85EB61BEBF48B00E0326D /* TDWorkout.swift */; };
		DAD4EA9A1BE6776300816B67 /* Settings-Watch.bundle in Resources */ = {isa = PBXBuildFile; fileRef = DAD4EA991BE6776300816B67 /* Settings-Watch.bundle */; };
		DAD4EA9C1BE6886B00816B67 /* TDWorkoutManager.swift in Sources */ = {isa = PBXBuildFile; fileRef = DAD4EA9B1BE6886B00816B67 /* TDWorkoutManager.swift */; };
/* End PBXBuildFile section */

/* Begin PBXContainerItemProxy section */
		DA24E7D61BDC60B400DEC986 /* PBXContainerItemProxy */ = {
			isa = PBXContainerItemProxy;
			containerPortal = DA24E7B91BDC60B400DEC986 /* Project object */;
			proxyType = 1;
			remoteGlobalIDString = DA24E7C01BDC60B400DEC986;
			remoteInfo = Badminton;
		};
		DA24E7E11BDC60B400DEC986 /* PBXContainerItemProxy */ = {
			isa = PBXContainerItemProxy;
			containerPortal = DA24E7B91BDC60B400DEC986 /* Project object */;
			proxyType = 1;
			remoteGlobalIDString = DA24E7C01BDC60B400DEC986;
			remoteInfo = Badminton;
		};
		DA24E7EB1BDC60B400DEC986 /* PBXContainerItemProxy */ = {
			isa = PBXContainerItemProxy;
			containerPortal = DA24E7B91BDC60B400DEC986 /* Project object */;
			proxyType = 1;
			remoteGlobalIDString = DA24E7E81BDC60B400DEC986;
			remoteInfo = "Badminton WatchKit App";
		};
		DA24E7FA1BDC60B400DEC986 /* PBXContainerItemProxy */ = {
			isa = PBXContainerItemProxy;
			containerPortal = DA24E7B91BDC60B400DEC986 /* Project object */;
			proxyType = 1;
			remoteGlobalIDString = DA24E7F71BDC60B400DEC986;
			remoteInfo = "Badminton WatchKit Extension";
		};
/* End PBXContainerItemProxy section */

/* Begin PBXCopyFilesBuildPhase section */
		DA24E80D1BDC60B400DEC986 /* Embed App Extensions */ = {
			isa = PBXCopyFilesBuildPhase;
			buildActionMask = 2147483647;
			dstPath = "";
			dstSubfolderSpec = 13;
			files = (
				DA24E7F91BDC60B400DEC986 /* Badminton WatchKit Extension.appex in Embed App Extensions */,
			);
			name = "Embed App Extensions";
			runOnlyForDeploymentPostprocessing = 0;
		};
		DA24E8111BDC60B400DEC986 /* Embed Watch Content */ = {
			isa = PBXCopyFilesBuildPhase;
			buildActionMask = 2147483647;
			dstPath = "$(CONTENTS_FOLDER_PATH)/Watch";
			dstSubfolderSpec = 16;
			files = (
				DA24E7EA1BDC60B400DEC986 /* Badminton WatchKit App.app in Embed Watch Content */,
			);
			name = "Embed Watch Content";
			runOnlyForDeploymentPostprocessing = 0;
		};
/* End PBXCopyFilesBuildPhase section */

/* Begin PBXFileReference section */
		1F595A648CD1129B4C13C5D6 /* Pods.release.xcconfig */ = {isa = PBXFileReference; includeInIndex = 1; lastKnownFileType = text.xcconfig; name = Pods.release.xcconfig; path = "Pods/Target Support Files/Pods/Pods.release.xcconfig"; sourceTree = "<group>"; };
		9535C74F6BB88E454AF220BB /* Pods.debug.xcconfig */ = {isa = PBXFileReference; includeInIndex = 1; lastKnownFileType = text.xcconfig; name = Pods.debug.xcconfig; path = "Pods/Target Support Files/Pods/Pods.debug.xcconfig"; sourceTree = "<group>"; };
		ACC7C36D8AA194BEC20B8882 /* Pods.framework */ = {isa = PBXFileReference; explicitFileType = wrapper.framework; includeInIndex = 0; path = Pods.framework; sourceTree = BUILT_PRODUCTS_DIR; };
		DA079CD81BE15D74001D9B52 /* Badminton.entitlements */ = {isa = PBXFileReference; fileEncoding = 4; lastKnownFileType = text.xml; path = Badminton.entitlements; sourceTree = "<group>"; };
		DA1FA4D31C581BF300B3456E /* NSLoggerSupport.swift */ = {isa = PBXFileReference; fileEncoding = 4; lastKnownFileType = sourcecode.swift; path = NSLoggerSupport.swift; sourceTree = "<group>"; };
		DA24E7C11BDC60B400DEC986 /* Badminton.app */ = {isa = PBXFileReference; explicitFileType = wrapper.application; includeInIndex = 0; path = Badminton.app; sourceTree = BUILT_PRODUCTS_DIR; };
		DA24E7C41BDC60B400DEC986 /* AppDelegate.swift */ = {isa = PBXFileReference; lastKnownFileType = sourcecode.swift; path = AppDelegate.swift; sourceTree = "<group>"; };
		DA24E7C61BDC60B400DEC986 /* TDWorkoutListVC.swift */ = {isa = PBXFileReference; lastKnownFileType = sourcecode.swift; path = TDWorkoutListVC.swift; sourceTree = "<group>"; };
		DA24E7C91BDC60B400DEC986 /* Base */ = {isa = PBXFileReference; lastKnownFileType = file.storyboard; name = Base; path = Base.lproj/Main.storyboard; sourceTree = "<group>"; };
		DA24E7CB1BDC60B400DEC986 /* Assets.xcassets */ = {isa = PBXFileReference; lastKnownFileType = folder.assetcatalog; path = Assets.xcassets; sourceTree = "<group>"; };
		DA24E7CE1BDC60B400DEC986 /* Base */ = {isa = PBXFileReference; lastKnownFileType = file.storyboard; name = Base; path = Base.lproj/LaunchScreen.storyboard; sourceTree = "<group>"; };
		DA24E7D01BDC60B400DEC986 /* Info.plist */ = {isa = PBXFileReference; lastKnownFileType = text.plist.xml; path = Info.plist; sourceTree = "<group>"; };
		DA24E7D51BDC60B400DEC986 /* BadmintonTests.xctest */ = {isa = PBXFileReference; explicitFileType = wrapper.cfbundle; includeInIndex = 0; path = BadmintonTests.xctest; sourceTree = BUILT_PRODUCTS_DIR; };
		DA24E7D91BDC60B400DEC986 /* BadmintonTests.swift */ = {isa = PBXFileReference; lastKnownFileType = sourcecode.swift; path = BadmintonTests.swift; sourceTree = "<group>"; };
		DA24E7DB1BDC60B400DEC986 /* Info.plist */ = {isa = PBXFileReference; lastKnownFileType = text.plist.xml; path = Info.plist; sourceTree = "<group>"; };
		DA24E7E01BDC60B400DEC986 /* BadmintonUITests.xctest */ = {isa = PBXFileReference; explicitFileType = wrapper.cfbundle; includeInIndex = 0; path = BadmintonUITests.xctest; sourceTree = BUILT_PRODUCTS_DIR; };
		DA24E7E41BDC60B400DEC986 /* BadmintonUITests.swift */ = {isa = PBXFileReference; lastKnownFileType = sourcecode.swift; path = BadmintonUITests.swift; sourceTree = "<group>"; };
		DA24E7E61BDC60B400DEC986 /* Info.plist */ = {isa = PBXFileReference; lastKnownFileType = text.plist.xml; path = Info.plist; sourceTree = "<group>"; };
		DA24E7E91BDC60B400DEC986 /* Badminton WatchKit App.app */ = {isa = PBXFileReference; explicitFileType = wrapper.application; includeInIndex = 0; path = "Badminton WatchKit App.app"; sourceTree = BUILT_PRODUCTS_DIR; };
		DA24E7EF1BDC60B400DEC986 /* Base */ = {isa = PBXFileReference; lastKnownFileType = file.storyboard; name = Base; path = Base.lproj/Interface.storyboard; sourceTree = "<group>"; };
		DA24E7F11BDC60B400DEC986 /* Assets.xcassets */ = {isa = PBXFileReference; lastKnownFileType = folder.assetcatalog; path = Assets.xcassets; sourceTree = "<group>"; };
		DA24E7F31BDC60B400DEC986 /* Info.plist */ = {isa = PBXFileReference; lastKnownFileType = text.plist.xml; path = Info.plist; sourceTree = "<group>"; };
		DA24E7F81BDC60B400DEC986 /* Badminton WatchKit Extension.appex */ = {isa = PBXFileReference; explicitFileType = "wrapper.app-extension"; includeInIndex = 0; path = "Badminton WatchKit Extension.appex"; sourceTree = BUILT_PRODUCTS_DIR; };
		DA24E7FE1BDC60B400DEC986 /* PushNotificationPayload.apns */ = {isa = PBXFileReference; lastKnownFileType = text; path = PushNotificationPayload.apns; sourceTree = "<group>"; };
		DA24E7FF1BDC60B400DEC986 /* InterfaceController.swift */ = {isa = PBXFileReference; lastKnownFileType = sourcecode.swift; path = InterfaceController.swift; sourceTree = "<group>"; };
		DA24E8011BDC60B400DEC986 /* ExtensionDelegate.swift */ = {isa = PBXFileReference; lastKnownFileType = sourcecode.swift; path = ExtensionDelegate.swift; sourceTree = "<group>"; };
		DA24E8031BDC60B400DEC986 /* NotificationController.swift */ = {isa = PBXFileReference; lastKnownFileType = sourcecode.swift; path = NotificationController.swift; sourceTree = "<group>"; };
		DA24E8051BDC60B400DEC986 /* Assets.xcassets */ = {isa = PBXFileReference; lastKnownFileType = folder.assetcatalog; path = Assets.xcassets; sourceTree = "<group>"; };
		DA24E8071BDC60B400DEC986 /* Info.plist */ = {isa = PBXFileReference; lastKnownFileType = text.plist.xml; path = Info.plist; sourceTree = "<group>"; };
		DA6D28C31C5AA94A00FD7CFE /* TDCorePlotFactory.swift */ = {isa = PBXFileReference; fileEncoding = 4; lastKnownFileType = sourcecode.swift; path = TDCorePlotFactory.swift; sourceTree = "<group>"; };
		DA6D28C61C5AF50B00FD7CFE /* Extensions.swift */ = {isa = PBXFileReference; fileEncoding = 4; lastKnownFileType = sourcecode.swift; path = Extensions.swift; sourceTree = "<group>"; };
		DA7224F41BDD922400FE23AF /* HealthKit.framework */ = {isa = PBXFileReference; lastKnownFileType = wrapper.framework; name = HealthKit.framework; path = System/Library/Frameworks/HealthKit.framework; sourceTree = SDKROOT; };
		DA7224F61BDD939200FE23AF /* Badminton.entitlements */ = {isa = PBXFileReference; lastKnownFileType = text.xml; path = Badminton.entitlements; sourceTree = "<group>"; };
		DA74C5101BF18232004A3158 /* TDSpeechManager.swift */ = {isa = PBXFileReference; fileEncoding = 4; lastKnownFileType = sourcecode.swift; path = TDSpeechManager.swift; sourceTree = "<group>"; };
		DAB85D2E1BF22B04008C858A /* ShinobiCharts.framework */ = {isa = PBXFileReference; lastKnownFileType = wrapper.framework; name = ShinobiCharts.framework; path = ExternalLibs/ShinobiCharts.framework; sourceTree = "<group>"; };
		DAB85D301BF22B43008C858A /* Security.framework */ = {isa = PBXFileReference; lastKnownFileType = wrapper.framework; name = Security.framework; path = System/Library/Frameworks/Security.framework; sourceTree = SDKROOT; };
		DAB85D321BF22B5A008C858A /* QuartzCore.framework */ = {isa = PBXFileReference; lastKnownFileType = wrapper.framework; name = QuartzCore.framework; path = System/Library/Frameworks/QuartzCore.framework; sourceTree = SDKROOT; };
		DAB85D341BF22B63008C858A /* OpenGLES.framework */ = {isa = PBXFileReference; lastKnownFileType = wrapper.framework; name = OpenGLES.framework; path = System/Library/Frameworks/OpenGLES.framework; sourceTree = SDKROOT; };
		DAB85D361BF22B6A008C858A /* CoreText.framework */ = {isa = PBXFileReference; lastKnownFileType = wrapper.framework; name = CoreText.framework; path = System/Library/Frameworks/CoreText.framework; sourceTree = SDKROOT; };
		DAB85D381BF22B95008C858A /* libc++.tbd */ = {isa = PBXFileReference; lastKnownFileType = "sourcecode.text-based-dylib-definition"; name = "libc++.tbd"; path = "usr/lib/libc++.tbd"; sourceTree = SDKROOT; };
		DAB85D3A1BF235E2008C858A /* TDShinobiGraphVC.swift */ = {isa = PBXFileReference; fileEncoding = 4; lastKnownFileType = sourcecode.swift; path = TDShinobiGraphVC.swift; sourceTree = "<group>"; };
		DAB85D3C1BF24E04008C858A /* TDBadmintonScore.swift */ = {isa = PBXFileReference; fileEncoding = 4; lastKnownFileType = sourcecode.swift; path = TDBadmintonScore.swift; sourceTree = "<group>"; };
		DAC5E8B21BEBFB8B003126CC /* Badminton-Bridging-Header.h */ = {isa = PBXFileReference; fileEncoding = 4; lastKnownFileType = sourcecode.c.h; name = "Badminton-Bridging-Header.h"; path = "Badminton/Badminton-Bridging-Header.h"; sourceTree = SOURCE_ROOT; };
		DAC5E8B31BEBFD00003126CC /* TDGraphVC.swift */ = {isa = PBXFileReference; fileEncoding = 4; lastKnownFileType = sourcecode.swift; path = TDGraphVC.swift; sourceTree = "<group>"; };
		DAC85EB61BEBF48B00E0326D /* TDWorkout.swift */ = {isa = PBXFileReference; fileEncoding = 4; lastKnownFileType = sourcecode.swift; path = TDWorkout.swift; sourceTree = "<group>"; };
		DAD4EA991BE6776300816B67 /* Settings-Watch.bundle */ = {isa = PBXFileReference; lastKnownFileType = "wrapper.plug-in"; path = "Settings-Watch.bundle"; sourceTree = "<group>"; };
		DAD4EA9B1BE6886B00816B67 /* TDWorkoutManager.swift */ = {isa = PBXFileReference; fileEncoding = 4; lastKnownFileType = sourcecode.swift; path = TDWorkoutManager.swift; sourceTree = "<group>"; };
/* End PBXFileReference section */

/* Begin PBXFrameworksBuildPhase section */
		DA24E7BE1BDC60B400DEC986 /* Frameworks */ = {
			isa = PBXFrameworksBuildPhase;
			buildActionMask = 2147483647;
			files = (
				DAB85D391BF22B95008C858A /* libc++.tbd in Frameworks */,
				DAB85D371BF22B6A008C858A /* CoreText.framework in Frameworks */,
				DAB85D351BF22B63008C858A /* OpenGLES.framework in Frameworks */,
				DAB85D331BF22B5A008C858A /* QuartzCore.framework in Frameworks */,
				DAB85D311BF22B43008C858A /* Security.framework in Frameworks */,
				DA7224F51BDD922400FE23AF /* HealthKit.framework in Frameworks */,
				DAB85D2F1BF22B04008C858A /* ShinobiCharts.framework in Frameworks */,
				378203F3FCE15BF63FC4E3B0 /* Pods.framework in Frameworks */,
			);
			runOnlyForDeploymentPostprocessing = 0;
		};
		DA24E7D21BDC60B400DEC986 /* Frameworks */ = {
			isa = PBXFrameworksBuildPhase;
			buildActionMask = 2147483647;
			files = (
			);
			runOnlyForDeploymentPostprocessing = 0;
		};
		DA24E7DD1BDC60B400DEC986 /* Frameworks */ = {
			isa = PBXFrameworksBuildPhase;
			buildActionMask = 2147483647;
			files = (
			);
			runOnlyForDeploymentPostprocessing = 0;
		};
		DA24E7F51BDC60B400DEC986 /* Frameworks */ = {
			isa = PBXFrameworksBuildPhase;
			buildActionMask = 2147483647;
			files = (
			);
			runOnlyForDeploymentPostprocessing = 0;
		};
/* End PBXFrameworksBuildPhase section */

/* Begin PBXGroup section */
		826CA836C6347B781AD36341 /* Pods */ = {
			isa = PBXGroup;
			children = (
				9535C74F6BB88E454AF220BB /* Pods.debug.xcconfig */,
				1F595A648CD1129B4C13C5D6 /* Pods.release.xcconfig */,
			);
			name = Pods;
			sourceTree = "<group>";
		};
		C5AC6114CB3A1A2A4BDBC5B0 /* Frameworks */ = {
			isa = PBXGroup;
			children = (
				DAB85D381BF22B95008C858A /* libc++.tbd */,
				DAB85D361BF22B6A008C858A /* CoreText.framework */,
				DAB85D341BF22B63008C858A /* OpenGLES.framework */,
				DAB85D321BF22B5A008C858A /* QuartzCore.framework */,
				DAB85D301BF22B43008C858A /* Security.framework */,
				ACC7C36D8AA194BEC20B8882 /* Pods.framework */,
			);
			name = Frameworks;
			sourceTree = "<group>";
		};
		DA24E7B81BDC60B400DEC986 = {
			isa = PBXGroup;
			children = (
				DA7224F41BDD922400FE23AF /* HealthKit.framework */,
				DA24E7C31BDC60B400DEC986 /* Badminton */,
				DA24E7D81BDC60B400DEC986 /* BadmintonTests */,
				DA24E7E31BDC60B400DEC986 /* BadmintonUITests */,
				DA24E7ED1BDC60B400DEC986 /* Badminton WatchKit App */,
				DA24E7FC1BDC60B400DEC986 /* Badminton WatchKit Extension */,
				DA24E7C21BDC60B400DEC986 /* Products */,
				826CA836C6347B781AD36341 /* Pods */,
				C5AC6114CB3A1A2A4BDBC5B0 /* Frameworks */,
			);
			sourceTree = "<group>";
		};
		DA24E7C21BDC60B400DEC986 /* Products */ = {
			isa = PBXGroup;
			children = (
				DA24E7C11BDC60B400DEC986 /* Badminton.app */,
				DA24E7D51BDC60B400DEC986 /* BadmintonTests.xctest */,
				DA24E7E01BDC60B400DEC986 /* BadmintonUITests.xctest */,
				DA24E7E91BDC60B400DEC986 /* Badminton WatchKit App.app */,
				DA24E7F81BDC60B400DEC986 /* Badminton WatchKit Extension.appex */,
			);
			name = Products;
			sourceTree = "<group>";
		};
		DA24E7C31BDC60B400DEC986 /* Badminton */ = {
			isa = PBXGroup;
			children = (
				DA6D28C51C5AF4F200FD7CFE /* Utilities */,
				DAB85D2D1BF22AEF008C858A /* ExternalsLibs */,
				DA24E7C41BDC60B400DEC986 /* AppDelegate.swift */,
				DAC5E8BB1BEBFD56003126CC /* View */,
				DAC5E8BA1BEBFD4D003126CC /* Controller */,
				DAC5E8B91BEBFD45003126CC /* Model */,
				DAC5E8B81BEBFD12003126CC /* Support Files */,
			);
			path = Badminton;
			sourceTree = "<group>";
		};
		DA24E7D81BDC60B400DEC986 /* BadmintonTests */ = {
			isa = PBXGroup;
			children = (
				DA24E7D91BDC60B400DEC986 /* BadmintonTests.swift */,
				DA24E7DB1BDC60B400DEC986 /* Info.plist */,
			);
			path = BadmintonTests;
			sourceTree = "<group>";
		};
		DA24E7E31BDC60B400DEC986 /* BadmintonUITests */ = {
			isa = PBXGroup;
			children = (
				DA24E7E41BDC60B400DEC986 /* BadmintonUITests.swift */,
				DA24E7E61BDC60B400DEC986 /* Info.plist */,
			);
			path = BadmintonUITests;
			sourceTree = "<group>";
		};
		DA24E7ED1BDC60B400DEC986 /* Badminton WatchKit App */ = {
			isa = PBXGroup;
			children = (
				DA079CD81BE15D74001D9B52 /* Badminton.entitlements */,
				DA24E7EE1BDC60B400DEC986 /* Interface.storyboard */,
				DA24E7F11BDC60B400DEC986 /* Assets.xcassets */,
				DA24E7F31BDC60B400DEC986 /* Info.plist */,
			);
			path = "Badminton WatchKit App";
			sourceTree = "<group>";
		};
		DA24E7FC1BDC60B400DEC986 /* Badminton WatchKit Extension */ = {
			isa = PBXGroup;
			children = (
				DAD4EA9B1BE6886B00816B67 /* TDWorkoutManager.swift */,
				DA24E7FF1BDC60B400DEC986 /* InterfaceController.swift */,
				DA24E8011BDC60B400DEC986 /* ExtensionDelegate.swift */,
				DA24E8031BDC60B400DEC986 /* NotificationController.swift */,
				DA24E8051BDC60B400DEC986 /* Assets.xcassets */,
				DA24E8071BDC60B400DEC986 /* Info.plist */,
				DA24E7FD1BDC60B400DEC986 /* Supporting Files */,
			);
			path = "Badminton WatchKit Extension";
			sourceTree = "<group>";
		};
		DA24E7FD1BDC60B400DEC986 /* Supporting Files */ = {
			isa = PBXGroup;
			children = (
				DA24E7FE1BDC60B400DEC986 /* PushNotificationPayload.apns */,
			);
			name = "Supporting Files";
			sourceTree = "<group>";
		};
		DA6D28C51C5AF4F200FD7CFE /* Utilities */ = {
			isa = PBXGroup;
			children = (
				DA6D28C61C5AF50B00FD7CFE /* Extensions.swift */,
			);
			name = Utilities;
			sourceTree = "<group>";
		};
		DAB85D2D1BF22AEF008C858A /* ExternalsLibs */ = {
			isa = PBXGroup;
			children = (
				DAB85D2E1BF22B04008C858A /* ShinobiCharts.framework */,
			);
			name = ExternalsLibs;
			sourceTree = "<group>";
		};
		DAC5E8B81BEBFD12003126CC /* Support Files */ = {
			isa = PBXGroup;
			children = (
				DA1FA4D31C581BF300B3456E /* NSLoggerSupport.swift */,
				DA7224F61BDD939200FE23AF /* Badminton.entitlements */,
				DAC5E8B21BEBFB8B003126CC /* Badminton-Bridging-Header.h */,
				DA24E7CB1BDC60B400DEC986 /* Assets.xcassets */,
				DA24E7CD1BDC60B400DEC986 /* LaunchScreen.storyboard */,
				DA24E7D01BDC60B400DEC986 /* Info.plist */,
				DAD4EA991BE6776300816B67 /* Settings-Watch.bundle */,
			);
			name = "Support Files";
			sourceTree = "<group>";
		};
		DAC5E8B91BEBFD45003126CC /* Model */ = {
			isa = PBXGroup;
			children = (
				DAC85EB61BEBF48B00E0326D /* TDWorkout.swift */,
				DAB85D3C1BF24E04008C858A /* TDBadmintonScore.swift */,
			);
			name = Model;
			sourceTree = "<group>";
		};
		DAC5E8BA1BEBFD4D003126CC /* Controller */ = {
			isa = PBXGroup;
			children = (
				DA74C5101BF18232004A3158 /* TDSpeechManager.swift */,
				DA24E7C61BDC60B400DEC986 /* TDWorkoutListVC.swift */,
				DAC5E8B31BEBFD00003126CC /* TDGraphVC.swift */,
				DAB85D3A1BF235E2008C858A /* TDShinobiGraphVC.swift */,
				DA6D28C31C5AA94A00FD7CFE /* TDCorePlotFactory.swift */,
			);
			name = Controller;
			sourceTree = "<group>";
		};
		DAC5E8BB1BEBFD56003126CC /* View */ = {
			isa = PBXGroup;
			children = (
				DA24E7C81BDC60B400DEC986 /* Main.storyboard */,
			);
			name = View;
			sourceTree = "<group>";
		};
/* End PBXGroup section */

/* Begin PBXNativeTarget section */
		DA24E7C01BDC60B400DEC986 /* Badminton */ = {
			isa = PBXNativeTarget;
			buildConfigurationList = DA24E8121BDC60B400DEC986 /* Build configuration list for PBXNativeTarget "Badminton" */;
			buildPhases = (
				2EB71F53CB823967AA908598 /* Check Pods Manifest.lock */,
				DA24E7BD1BDC60B400DEC986 /* Sources */,
				DA24E7BE1BDC60B400DEC986 /* Frameworks */,
				DA24E7BF1BDC60B400DEC986 /* Resources */,
				DA24E8111BDC60B400DEC986 /* Embed Watch Content */,
				3231B419492A9FB3B028080B /* Embed Pods Frameworks */,
				FD570459DC2B8B209CFD588B /* Copy Pods Resources */,
			);
			buildRules = (
			);
			dependencies = (
				DA24E7EC1BDC60B400DEC986 /* PBXTargetDependency */,
			);
			name = Badminton;
			productName = Badminton;
			productReference = DA24E7C11BDC60B400DEC986 /* Badminton.app */;
			productType = "com.apple.product-type.application";
		};
		DA24E7D41BDC60B400DEC986 /* BadmintonTests */ = {
			isa = PBXNativeTarget;
			buildConfigurationList = DA24E8151BDC60B400DEC986 /* Build configuration list for PBXNativeTarget "BadmintonTests" */;
			buildPhases = (
				DA24E7D11BDC60B400DEC986 /* Sources */,
				DA24E7D21BDC60B400DEC986 /* Frameworks */,
				DA24E7D31BDC60B400DEC986 /* Resources */,
			);
			buildRules = (
			);
			dependencies = (
				DA24E7D71BDC60B400DEC986 /* PBXTargetDependency */,
			);
			name = BadmintonTests;
			productName = BadmintonTests;
			productReference = DA24E7D51BDC60B400DEC986 /* BadmintonTests.xctest */;
			productType = "com.apple.product-type.bundle.unit-test";
		};
		DA24E7DF1BDC60B400DEC986 /* BadmintonUITests */ = {
			isa = PBXNativeTarget;
			buildConfigurationList = DA24E8181BDC60B400DEC986 /* Build configuration list for PBXNativeTarget "BadmintonUITests" */;
			buildPhases = (
				DA24E7DC1BDC60B400DEC986 /* Sources */,
				DA24E7DD1BDC60B400DEC986 /* Frameworks */,
				DA24E7DE1BDC60B400DEC986 /* Resources */,
			);
			buildRules = (
			);
			dependencies = (
				DA24E7E21BDC60B400DEC986 /* PBXTargetDependency */,
			);
			name = BadmintonUITests;
			productName = BadmintonUITests;
			productReference = DA24E7E01BDC60B400DEC986 /* BadmintonUITests.xctest */;
			productType = "com.apple.product-type.bundle.ui-testing";
		};
		DA24E7E81BDC60B400DEC986 /* Badminton WatchKit App */ = {
			isa = PBXNativeTarget;
			buildConfigurationList = DA24E80E1BDC60B400DEC986 /* Build configuration list for PBXNativeTarget "Badminton WatchKit App" */;
			buildPhases = (
				DA24E7E71BDC60B400DEC986 /* Resources */,
				DA24E80D1BDC60B400DEC986 /* Embed App Extensions */,
			);
			buildRules = (
			);
			dependencies = (
				DA24E7FB1BDC60B400DEC986 /* PBXTargetDependency */,
			);
			name = "Badminton WatchKit App";
			productName = "Badminton WatchKit App";
			productReference = DA24E7E91BDC60B400DEC986 /* Badminton WatchKit App.app */;
			productType = "com.apple.product-type.application.watchapp2";
		};
		DA24E7F71BDC60B400DEC986 /* Badminton WatchKit Extension */ = {
			isa = PBXNativeTarget;
			buildConfigurationList = DA24E80A1BDC60B400DEC986 /* Build configuration list for PBXNativeTarget "Badminton WatchKit Extension" */;
			buildPhases = (
				DA24E7F41BDC60B400DEC986 /* Sources */,
				DA24E7F51BDC60B400DEC986 /* Frameworks */,
				DA24E7F61BDC60B400DEC986 /* Resources */,
			);
			buildRules = (
			);
			dependencies = (
			);
			name = "Badminton WatchKit Extension";
			productName = "Badminton WatchKit Extension";
			productReference = DA24E7F81BDC60B400DEC986 /* Badminton WatchKit Extension.appex */;
			productType = "com.apple.product-type.watchkit2-extension";
		};
/* End PBXNativeTarget section */

/* Begin PBXProject section */
		DA24E7B91BDC60B400DEC986 /* Project object */ = {
			isa = PBXProject;
			attributes = {
				LastSwiftUpdateCheck = 0710;
				LastUpgradeCheck = 0710;
				ORGANIZATIONNAME = "TapDigital Ltd";
				TargetAttributes = {
					DA24E7C01BDC60B400DEC986 = {
						CreatedOnToolsVersion = 7.1;
						DevelopmentTeam = WY258SLJLV;
						SystemCapabilities = {
							com.apple.HealthKit = {
								enabled = 1;
							};
						};
					};
					DA24E7D41BDC60B400DEC986 = {
						CreatedOnToolsVersion = 7.1;
						TestTargetID = DA24E7C01BDC60B400DEC986;
					};
					DA24E7DF1BDC60B400DEC986 = {
						CreatedOnToolsVersion = 7.1;
						TestTargetID = DA24E7C01BDC60B400DEC986;
					};
					DA24E7E81BDC60B400DEC986 = {
						CreatedOnToolsVersion = 7.1;
						DevelopmentTeam = WY258SLJLV;
					};
					DA24E7F71BDC60B400DEC986 = {
						CreatedOnToolsVersion = 7.1;
						DevelopmentTeam = WY258SLJLV;
					};
				};
			};
			buildConfigurationList = DA24E7BC1BDC60B400DEC986 /* Build configuration list for PBXProject "Badminton" */;
			compatibilityVersion = "Xcode 3.2";
			developmentRegion = English;
			hasScannedForEncodings = 0;
			knownRegions = (
				en,
				Base,
			);
			mainGroup = DA24E7B81BDC60B400DEC986;
			productRefGroup = DA24E7C21BDC60B400DEC986 /* Products */;
			projectDirPath = "";
			projectRoot = "";
			targets = (
				DA24E7C01BDC60B400DEC986 /* Badminton */,
				DA24E7D41BDC60B400DEC986 /* BadmintonTests */,
				DA24E7DF1BDC60B400DEC986 /* BadmintonUITests */,
				DA24E7E81BDC60B400DEC986 /* Badminton WatchKit App */,
				DA24E7F71BDC60B400DEC986 /* Badminton WatchKit Extension */,
			);
		};
/* End PBXProject section */

/* Begin PBXResourcesBuildPhase section */
		DA24E7BF1BDC60B400DEC986 /* Resources */ = {
			isa = PBXResourcesBuildPhase;
			buildActionMask = 2147483647;
			files = (
				DA24E7CF1BDC60B400DEC986 /* LaunchScreen.storyboard in Resources */,
				DA24E7CC1BDC60B400DEC986 /* Assets.xcassets in Resources */,
				DAD4EA9A1BE6776300816B67 /* Settings-Watch.bundle in Resources */,
				DA24E7CA1BDC60B400DEC986 /* Main.storyboard in Resources */,
			);
			runOnlyForDeploymentPostprocessing = 0;
		};
		DA24E7D31BDC60B400DEC986 /* Resources */ = {
			isa = PBXResourcesBuildPhase;
			buildActionMask = 2147483647;
			files = (
			);
			runOnlyForDeploymentPostprocessing = 0;
		};
		DA24E7DE1BDC60B400DEC986 /* Resources */ = {
			isa = PBXResourcesBuildPhase;
			buildActionMask = 2147483647;
			files = (
			);
			runOnlyForDeploymentPostprocessing = 0;
		};
		DA24E7E71BDC60B400DEC986 /* Resources */ = {
			isa = PBXResourcesBuildPhase;
			buildActionMask = 2147483647;
			files = (
				DA24E7F21BDC60B400DEC986 /* Assets.xcassets in Resources */,
				DA24E7F01BDC60B400DEC986 /* Interface.storyboard in Resources */,
				DA079CD91BE15D74001D9B52 /* Badminton.entitlements in Resources */,
			);
			runOnlyForDeploymentPostprocessing = 0;
		};
		DA24E7F61BDC60B400DEC986 /* Resources */ = {
			isa = PBXResourcesBuildPhase;
			buildActionMask = 2147483647;
			files = (
				DA24E8061BDC60B400DEC986 /* Assets.xcassets in Resources */,
			);
			runOnlyForDeploymentPostprocessing = 0;
		};
/* End PBXResourcesBuildPhase section */

/* Begin PBXShellScriptBuildPhase section */
		2EB71F53CB823967AA908598 /* Check Pods Manifest.lock */ = {
			isa = PBXShellScriptBuildPhase;
			buildActionMask = 2147483647;
			files = (
			);
			inputPaths = (
			);
			name = "Check Pods Manifest.lock";
			outputPaths = (
			);
			runOnlyForDeploymentPostprocessing = 0;
			shellPath = /bin/sh;
			shellScript = "diff \"${PODS_ROOT}/../Podfile.lock\" \"${PODS_ROOT}/Manifest.lock\" > /dev/null\nif [[ $? != 0 ]] ; then\n    cat << EOM\nerror: The sandbox is not in sync with the Podfile.lock. Run 'pod install' or update your CocoaPods installation.\nEOM\n    exit 1\nfi\n";
			showEnvVarsInLog = 0;
		};
		3231B419492A9FB3B028080B /* Embed Pods Frameworks */ = {
			isa = PBXShellScriptBuildPhase;
			buildActionMask = 2147483647;
			files = (
			);
			inputPaths = (
			);
			name = "Embed Pods Frameworks";
			outputPaths = (
			);
			runOnlyForDeploymentPostprocessing = 0;
			shellPath = /bin/sh;
			shellScript = "\"${SRCROOT}/Pods/Target Support Files/Pods/Pods-frameworks.sh\"\n";
			showEnvVarsInLog = 0;
		};
		FD570459DC2B8B209CFD588B /* Copy Pods Resources */ = {
			isa = PBXShellScriptBuildPhase;
			buildActionMask = 2147483647;
			files = (
			);
			inputPaths = (
			);
			name = "Copy Pods Resources";
			outputPaths = (
			);
			runOnlyForDeploymentPostprocessing = 0;
			shellPath = /bin/sh;
			shellScript = "\"${SRCROOT}/Pods/Target Support Files/Pods/Pods-resources.sh\"\n";
			showEnvVarsInLog = 0;
		};
/* End PBXShellScriptBuildPhase section */

/* Begin PBXSourcesBuildPhase section */
		DA24E7BD1BDC60B400DEC986 /* Sources */ = {
			isa = PBXSourcesBuildPhase;
			buildActionMask = 2147483647;
			files = (
				DA24E7C71BDC60B400DEC986 /* TDWorkoutListVC.swift in Sources */,
				DAC5E8B41BEBFD00003126CC /* TDGraphVC.swift in Sources */,
				DA24E7C51BDC60B400DEC986 /* AppDelegate.swift in Sources */,
				DA74C5111BF18232004A3158 /* TDSpeechManager.swift in Sources */,
				DA6D28C41C5AA94A00FD7CFE /* TDCorePlotFactory.swift in Sources */,
				DA6D28C71C5AF50B00FD7CFE /* Extensions.swift in Sources */,
				DAB85D3B1BF235E2008C858A /* TDShinobiGraphVC.swift in Sources */,
				DAC85EB71BEBF48B00E0326D /* TDWorkout.swift in Sources */,
				DA1FA4D41C581BF300B3456E /* NSLoggerSupport.swift in Sources */,
				DAB85D3D1BF24E04008C858A /* TDBadmintonScore.swift in Sources */,
			);
			runOnlyForDeploymentPostprocessing = 0;
		};
		DA24E7D11BDC60B400DEC986 /* Sources */ = {
			isa = PBXSourcesBuildPhase;
			buildActionMask = 2147483647;
			files = (
				DA24E7DA1BDC60B400DEC986 /* BadmintonTests.swift in Sources */,
			);
			runOnlyForDeploymentPostprocessing = 0;
		};
		DA24E7DC1BDC60B400DEC986 /* Sources */ = {
			isa = PBXSourcesBuildPhase;
			buildActionMask = 2147483647;
			files = (
				DA24E7E51BDC60B400DEC986 /* BadmintonUITests.swift in Sources */,
			);
			runOnlyForDeploymentPostprocessing = 0;
		};
		DA24E7F41BDC60B400DEC986 /* Sources */ = {
			isa = PBXSourcesBuildPhase;
			buildActionMask = 2147483647;
			files = (
				DAD4EA9C1BE6886B00816B67 /* TDWorkoutManager.swift in Sources */,
				DA24E8041BDC60B400DEC986 /* NotificationController.swift in Sources */,
				DA24E8021BDC60B400DEC986 /* ExtensionDelegate.swift in Sources */,
				DA24E8001BDC60B400DEC986 /* InterfaceController.swift in Sources */,
			);
			runOnlyForDeploymentPostprocessing = 0;
		};
/* End PBXSourcesBuildPhase section */

/* Begin PBXTargetDependency section */
		DA24E7D71BDC60B400DEC986 /* PBXTargetDependency */ = {
			isa = PBXTargetDependency;
			target = DA24E7C01BDC60B400DEC986 /* Badminton */;
			targetProxy = DA24E7D61BDC60B400DEC986 /* PBXContainerItemProxy */;
		};
		DA24E7E21BDC60B400DEC986 /* PBXTargetDependency */ = {
			isa = PBXTargetDependency;
			target = DA24E7C01BDC60B400DEC986 /* Badminton */;
			targetProxy = DA24E7E11BDC60B400DEC986 /* PBXContainerItemProxy */;
		};
		DA24E7EC1BDC60B400DEC986 /* PBXTargetDependency */ = {
			isa = PBXTargetDependency;
			target = DA24E7E81BDC60B400DEC986 /* Badminton WatchKit App */;
			targetProxy = DA24E7EB1BDC60B400DEC986 /* PBXContainerItemProxy */;
		};
		DA24E7FB1BDC60B400DEC986 /* PBXTargetDependency */ = {
			isa = PBXTargetDependency;
			target = DA24E7F71BDC60B400DEC986 /* Badminton WatchKit Extension */;
			targetProxy = DA24E7FA1BDC60B400DEC986 /* PBXContainerItemProxy */;
		};
/* End PBXTargetDependency section */

/* Begin PBXVariantGroup section */
		DA24E7C81BDC60B400DEC986 /* Main.storyboard */ = {
			isa = PBXVariantGroup;
			children = (
				DA24E7C91BDC60B400DEC986 /* Base */,
			);
			name = Main.storyboard;
			sourceTree = "<group>";
		};
		DA24E7CD1BDC60B400DEC986 /* LaunchScreen.storyboard */ = {
			isa = PBXVariantGroup;
			children = (
				DA24E7CE1BDC60B400DEC986 /* Base */,
			);
			name = LaunchScreen.storyboard;
			sourceTree = "<group>";
		};
		DA24E7EE1BDC60B400DEC986 /* Interface.storyboard */ = {
			isa = PBXVariantGroup;
			children = (
				DA24E7EF1BDC60B400DEC986 /* Base */,
			);
			name = Interface.storyboard;
			sourceTree = "<group>";
		};
/* End PBXVariantGroup section */

/* Begin XCBuildConfiguration section */
		DA24E8081BDC60B400DEC986 /* Debug */ = {
			isa = XCBuildConfiguration;
			buildSettings = {
				ALWAYS_SEARCH_USER_PATHS = NO;
				CLANG_CXX_LANGUAGE_STANDARD = "gnu++0x";
				CLANG_CXX_LIBRARY = "libc++";
				CLANG_ENABLE_MODULES = YES;
				CLANG_ENABLE_OBJC_ARC = YES;
				CLANG_WARN_BOOL_CONVERSION = YES;
				CLANG_WARN_CONSTANT_CONVERSION = YES;
				CLANG_WARN_DIRECT_OBJC_ISA_USAGE = YES_ERROR;
				CLANG_WARN_EMPTY_BODY = YES;
				CLANG_WARN_ENUM_CONVERSION = YES;
				CLANG_WARN_INT_CONVERSION = YES;
				CLANG_WARN_OBJC_ROOT_CLASS = YES_ERROR;
				CLANG_WARN_UNREACHABLE_CODE = YES;
				CLANG_WARN__DUPLICATE_METHOD_MATCH = YES;
				"CODE_SIGN_IDENTITY[sdk=iphoneos*]" = "iPhone Developer";
				COPY_PHASE_STRIP = NO;
				DEBUG_INFORMATION_FORMAT = dwarf;
				ENABLE_STRICT_OBJC_MSGSEND = YES;
				ENABLE_TESTABILITY = YES;
				GCC_C_LANGUAGE_STANDARD = gnu99;
				GCC_DYNAMIC_NO_PIC = NO;
				GCC_NO_COMMON_BLOCKS = YES;
				GCC_OPTIMIZATION_LEVEL = 0;
				GCC_PREPROCESSOR_DEFINITIONS = (
					"DEBUG=1",
					"$(inherited)",
				);
				GCC_WARN_64_TO_32_BIT_CONVERSION = YES;
				GCC_WARN_ABOUT_RETURN_TYPE = YES_ERROR;
				GCC_WARN_UNDECLARED_SELECTOR = YES;
				GCC_WARN_UNINITIALIZED_AUTOS = YES_AGGRESSIVE;
				GCC_WARN_UNUSED_FUNCTION = YES;
				GCC_WARN_UNUSED_VARIABLE = YES;
				IPHONEOS_DEPLOYMENT_TARGET = 9.1;
				MTL_ENABLE_DEBUG_INFO = YES;
				ONLY_ACTIVE_ARCH = YES;
				SDKROOT = iphoneos;
				SWIFT_OPTIMIZATION_LEVEL = "-Onone";
			};
			name = Debug;
		};
		DA24E8091BDC60B400DEC986 /* Release */ = {
			isa = XCBuildConfiguration;
			buildSettings = {
				ALWAYS_SEARCH_USER_PATHS = NO;
				CLANG_CXX_LANGUAGE_STANDARD = "gnu++0x";
				CLANG_CXX_LIBRARY = "libc++";
				CLANG_ENABLE_MODULES = YES;
				CLANG_ENABLE_OBJC_ARC = YES;
				CLANG_WARN_BOOL_CONVERSION = YES;
				CLANG_WARN_CONSTANT_CONVERSION = YES;
				CLANG_WARN_DIRECT_OBJC_ISA_USAGE = YES_ERROR;
				CLANG_WARN_EMPTY_BODY = YES;
				CLANG_WARN_ENUM_CONVERSION = YES;
				CLANG_WARN_INT_CONVERSION = YES;
				CLANG_WARN_OBJC_ROOT_CLASS = YES_ERROR;
				CLANG_WARN_UNREACHABLE_CODE = YES;
				CLANG_WARN__DUPLICATE_METHOD_MATCH = YES;
				"CODE_SIGN_IDENTITY[sdk=iphoneos*]" = "iPhone Developer";
				COPY_PHASE_STRIP = NO;
				DEBUG_INFORMATION_FORMAT = "dwarf-with-dsym";
				ENABLE_NS_ASSERTIONS = NO;
				ENABLE_STRICT_OBJC_MSGSEND = YES;
				GCC_C_LANGUAGE_STANDARD = gnu99;
				GCC_NO_COMMON_BLOCKS = YES;
				GCC_WARN_64_TO_32_BIT_CONVERSION = YES;
				GCC_WARN_ABOUT_RETURN_TYPE = YES_ERROR;
				GCC_WARN_UNDECLARED_SELECTOR = YES;
				GCC_WARN_UNINITIALIZED_AUTOS = YES_AGGRESSIVE;
				GCC_WARN_UNUSED_FUNCTION = YES;
				GCC_WARN_UNUSED_VARIABLE = YES;
				IPHONEOS_DEPLOYMENT_TARGET = 9.1;
				MTL_ENABLE_DEBUG_INFO = NO;
				SDKROOT = iphoneos;
				VALIDATE_PRODUCT = YES;
			};
			name = Release;
		};
		DA24E80B1BDC60B400DEC986 /* Debug */ = {
			isa = XCBuildConfiguration;
			buildSettings = {
				CODE_SIGN_ENTITLEMENTS = "";
				CODE_SIGN_IDENTITY = "iPhone Developer";
				"CODE_SIGN_IDENTITY[sdk=watchos*]" = "iPhone Developer";
				INFOPLIST_FILE = "Badminton WatchKit Extension/Info.plist";
				LD_RUNPATH_SEARCH_PATHS = "$(inherited) @executable_path/Frameworks @executable_path/../../Frameworks";
				PRODUCT_BUNDLE_IDENTIFIER = com.TapDigital.Badminton.watchkitapp.watchkitextension;
				PRODUCT_NAME = "${TARGET_NAME}";
				PROVISIONING_PROFILE = "";
				SDKROOT = watchos;
				SKIP_INSTALL = YES;
				TARGETED_DEVICE_FAMILY = 4;
				WATCHOS_DEPLOYMENT_TARGET = 2.0;
			};
			name = Debug;
		};
		DA24E80C1BDC60B400DEC986 /* Release */ = {
			isa = XCBuildConfiguration;
			buildSettings = {
				CODE_SIGN_ENTITLEMENTS = "";
				CODE_SIGN_IDENTITY = "iPhone Developer";
				"CODE_SIGN_IDENTITY[sdk=watchos*]" = "iPhone Developer";
				INFOPLIST_FILE = "Badminton WatchKit Extension/Info.plist";
				LD_RUNPATH_SEARCH_PATHS = "$(inherited) @executable_path/Frameworks @executable_path/../../Frameworks";
				PRODUCT_BUNDLE_IDENTIFIER = com.TapDigital.Badminton.watchkitapp.watchkitextension;
				PRODUCT_NAME = "${TARGET_NAME}";
				PROVISIONING_PROFILE = "";
				SDKROOT = watchos;
				SKIP_INSTALL = YES;
				TARGETED_DEVICE_FAMILY = 4;
				WATCHOS_DEPLOYMENT_TARGET = 2.0;
			};
			name = Release;
		};
		DA24E80F1BDC60B400DEC986 /* Debug */ = {
			isa = XCBuildConfiguration;
			buildSettings = {
				ASSETCATALOG_COMPILER_APPICON_NAME = AppIcon;
				CODE_SIGN_ENTITLEMENTS = Badminton/Badminton.entitlements;
				CODE_SIGN_IDENTITY = "iPhone Developer: Paul Leo (75HQRE3TM6)";
				"CODE_SIGN_IDENTITY[sdk=watchos*]" = "iPhone Developer: Paul Leo (75HQRE3TM6)";
				EMBEDDED_CONTENT_CONTAINS_SWIFT = YES;
				IBSC_MODULE = Badminton_WatchKit_Extension;
				INFOPLIST_FILE = "Badminton WatchKit App/Info.plist";
				PRODUCT_BUNDLE_IDENTIFIER = com.TapDigital.Badminton.watchkitapp;
				PRODUCT_NAME = "$(TARGET_NAME)";
				PROVISIONING_PROFILE = "4bc5e4c9-4f0f-4471-83c3-34a90096c7fb";
				SDKROOT = watchos;
				SKIP_INSTALL = YES;
				TARGETED_DEVICE_FAMILY = 4;
				WATCHOS_DEPLOYMENT_TARGET = 2.0;
			};
			name = Debug;
		};
		DA24E8101BDC60B400DEC986 /* Release */ = {
			isa = XCBuildConfiguration;
			buildSettings = {
				ASSETCATALOG_COMPILER_APPICON_NAME = AppIcon;
				CODE_SIGN_ENTITLEMENTS = Badminton/Badminton.entitlements;
				CODE_SIGN_IDENTITY = "iPhone Developer: Paul Leo (75HQRE3TM6)";
				"CODE_SIGN_IDENTITY[sdk=watchos*]" = "iPhone Developer: Paul Leo (75HQRE3TM6)";
				EMBEDDED_CONTENT_CONTAINS_SWIFT = YES;
				IBSC_MODULE = Badminton_WatchKit_Extension;
				INFOPLIST_FILE = "Badminton WatchKit App/Info.plist";
				PRODUCT_BUNDLE_IDENTIFIER = com.TapDigital.Badminton.watchkitapp;
				PRODUCT_NAME = "$(TARGET_NAME)";
				PROVISIONING_PROFILE = "4bc5e4c9-4f0f-4471-83c3-34a90096c7fb";
				SDKROOT = watchos;
				SKIP_INSTALL = YES;
				TARGETED_DEVICE_FAMILY = 4;
				WATCHOS_DEPLOYMENT_TARGET = 2.0;
			};
			name = Release;
		};
		DA24E8131BDC60B400DEC986 /* Debug */ = {
			isa = XCBuildConfiguration;
			baseConfigurationReference = 9535C74F6BB88E454AF220BB /* Pods.debug.xcconfig */;
			buildSettings = {
				ASSETCATALOG_COMPILER_APPICON_NAME = AppIcon;
				CLANG_ENABLE_MODULES = YES;
				CODE_SIGN_ENTITLEMENTS = Badminton/Badminton.entitlements;
				CODE_SIGN_IDENTITY = "iPhone Developer: Paul Leo (75HQRE3TM6)";
				"CODE_SIGN_IDENTITY[sdk=iphoneos*]" = "iPhone Developer: Paul Leo (75HQRE3TM6)";
				"CODE_SIGN_IDENTITY[sdk=watchos*]" = "iPhone Developer: Paul Leo (75HQRE3TM6)";
				FRAMEWORK_SEARCH_PATHS = (
					"$(inherited)",
					"$(PROJECT_DIR)/Badminton/ExternalLibs",
				);
				GCC_PREPROCESSOR_DEFINITIONS = (
					"$(inherited)",
					"PL_DEBUG=1",
				);
				INFOPLIST_FILE = Badminton/Info.plist;
				LD_RUNPATH_SEARCH_PATHS = "$(inherited) @executable_path/Frameworks";
				OTHER_SWIFT_FLAGS = "$(inherited) \"-D\" \"COCOAPODS\" -DTD_DEBUG";
				PRODUCT_BUNDLE_IDENTIFIER = com.TapDigital.Badminton;
				PRODUCT_NAME = "$(TARGET_NAME)";
				PROVISIONING_PROFILE = "53ccc743-3ad4-42ff-b213-49e4fead9436";
				SWIFT_OBJC_BRIDGING_HEADER = "Badminton/Badminton-Bridging-Header.h";
				SWIFT_OPTIMIZATION_LEVEL = "-Onone";
			};
			name = Debug;
		};
		DA24E8141BDC60B400DEC986 /* Release */ = {
			isa = XCBuildConfiguration;
			baseConfigurationReference = 1F595A648CD1129B4C13C5D6 /* Pods.release.xcconfig */;
			buildSettings = {
				ASSETCATALOG_COMPILER_APPICON_NAME = AppIcon;
				CLANG_ENABLE_MODULES = YES;
				CODE_SIGN_ENTITLEMENTS = Badminton/Badminton.entitlements;
				CODE_SIGN_IDENTITY = "iPhone Developer: Paul Leo (75HQRE3TM6)";
				"CODE_SIGN_IDENTITY[sdk=iphoneos*]" = "iPhone Developer: Paul Leo (75HQRE3TM6)";
				"CODE_SIGN_IDENTITY[sdk=watchos*]" = "iPhone Developer: Paul Leo (75HQRE3TM6)";
				FRAMEWORK_SEARCH_PATHS = (
					"$(inherited)",
					"$(PROJECT_DIR)/Badminton/ExternalLibs",
				);
				GCC_OPTIMIZATION_LEVEL = s;
				INFOPLIST_FILE = Badminton/Info.plist;
				LD_RUNPATH_SEARCH_PATHS = "$(inherited) @executable_path/Frameworks";
				OTHER_SWIFT_FLAGS = "$(inherited) \"-D\" \"COCOAPODS\" ";
				PRODUCT_BUNDLE_IDENTIFIER = com.TapDigital.Badminton;
				PRODUCT_NAME = "$(TARGET_NAME)";
				PROVISIONING_PROFILE = "53ccc743-3ad4-42ff-b213-49e4fead9436";
				SWIFT_OBJC_BRIDGING_HEADER = "Badminton/Badminton-Bridging-Header.h";
				SWIFT_OPTIMIZATION_LEVEL = "-Owholemodule";
			};
			name = Release;
		};
		DA24E8161BDC60B400DEC986 /* Debug */ = {
			isa = XCBuildConfiguration;
			buildSettings = {
				BUNDLE_LOADER = "$(TEST_HOST)";
				INFOPLIST_FILE = BadmintonTests/Info.plist;
				LD_RUNPATH_SEARCH_PATHS = "$(inherited) @executable_path/Frameworks @loader_path/Frameworks";
				PRODUCT_BUNDLE_IDENTIFIER = com.TapDigital.BadmintonTests;
				PRODUCT_NAME = "$(TARGET_NAME)";
				TEST_HOST = "$(BUILT_PRODUCTS_DIR)/Badminton.app/Badminton";
			};
			name = Debug;
		};
		DA24E8171BDC60B400DEC986 /* Release */ = {
			isa = XCBuildConfiguration;
			buildSettings = {
				BUNDLE_LOADER = "$(TEST_HOST)";
				INFOPLIST_FILE = BadmintonTests/Info.plist;
				LD_RUNPATH_SEARCH_PATHS = "$(inherited) @executable_path/Frameworks @loader_path/Frameworks";
				PRODUCT_BUNDLE_IDENTIFIER = com.TapDigital.BadmintonTests;
				PRODUCT_NAME = "$(TARGET_NAME)";
				TEST_HOST = "$(BUILT_PRODUCTS_DIR)/Badminton.app/Badminton";
			};
			name = Release;
		};
		DA24E8191BDC60B400DEC986 /* Debug */ = {
			isa = XCBuildConfiguration;
			buildSettings = {
				INFOPLIST_FILE = BadmintonUITests/Info.plist;
				LD_RUNPATH_SEARCH_PATHS = "$(inherited) @executable_path/Frameworks @loader_path/Frameworks";
				PRODUCT_BUNDLE_IDENTIFIER = com.TapDigital.BadmintonUITests;
				PRODUCT_NAME = "$(TARGET_NAME)";
				TEST_TARGET_NAME = Badminton;
				USES_XCTRUNNER = YES;
			};
			name = Debug;
		};
		DA24E81A1BDC60B400DEC986 /* Release */ = {
			isa = XCBuildConfiguration;
			buildSettings = {
				INFOPLIST_FILE = BadmintonUITests/Info.plist;
				LD_RUNPATH_SEARCH_PATHS = "$(inherited) @executable_path/Frameworks @loader_path/Frameworks";
				PRODUCT_BUNDLE_IDENTIFIER = com.TapDigital.BadmintonUITests;
				PRODUCT_NAME = "$(TARGET_NAME)";
				TEST_TARGET_NAME = Badminton;
				USES_XCTRUNNER = YES;
			};
			name = Release;
		};
/* End XCBuildConfiguration section */

/* Begin XCConfigurationList section */
		DA24E7BC1BDC60B400DEC986 /* Build configuration list for PBXProject "Badminton" */ = {
			isa = XCConfigurationList;
			buildConfigurations = (
				DA24E8081BDC60B400DEC986 /* Debug */,
				DA24E8091BDC60B400DEC986 /* Release */,
			);
			defaultConfigurationIsVisible = 0;
			defaultConfigurationName = Release;
		};
		DA24E80A1BDC60B400DEC986 /* Build configuration list for PBXNativeTarget "Badminton WatchKit Extension" */ = {
			isa = XCConfigurationList;
			buildConfigurations = (
				DA24E80B1BDC60B400DEC986 /* Debug */,
				DA24E80C1BDC60B400DEC986 /* Release */,
			);
			defaultConfigurationIsVisible = 0;
			defaultConfigurationName = Release;
		};
		DA24E80E1BDC60B400DEC986 /* Build configuration list for PBXNativeTarget "Badminton WatchKit App" */ = {
			isa = XCConfigurationList;
			buildConfigurations = (
				DA24E80F1BDC60B400DEC986 /* Debug */,
				DA24E8101BDC60B400DEC986 /* Release */,
			);
			defaultConfigurationIsVisible = 0;
			defaultConfigurationName = Release;
		};
		DA24E8121BDC60B400DEC986 /* Build configuration list for PBXNativeTarget "Badminton" */ = {
			isa = XCConfigurationList;
			buildConfigurations = (
				DA24E8131BDC60B400DEC986 /* Debug */,
				DA24E8141BDC60B400DEC986 /* Release */,
			);
			defaultConfigurationIsVisible = 0;
			defaultConfigurationName = Release;
		};
		DA24E8151BDC60B400DEC986 /* Build configuration list for PBXNativeTarget "BadmintonTests" */ = {
			isa = XCConfigurationList;
			buildConfigurations = (
				DA24E8161BDC60B400DEC986 /* Debug */,
				DA24E8171BDC60B400DEC986 /* Release */,
			);
			defaultConfigurationIsVisible = 0;
			defaultConfigurationName = Release;
		};
		DA24E8181BDC60B400DEC986 /* Build configuration list for PBXNativeTarget "BadmintonUITests" */ = {
			isa = XCConfigurationList;
			buildConfigurations = (
				DA24E8191BDC60B400DEC986 /* Debug */,
				DA24E81A1BDC60B400DEC986 /* Release */,
			);
			defaultConfigurationIsVisible = 0;
			defaultConfigurationName = Release;
		};
/* End XCConfigurationList section */
	};
	rootObject = DA24E7B91BDC60B400DEC986 /* Project object */;
}
